
Microsoft Visual Studio Solution File, Format Version 12.00
# Visual Studio 15
VisualStudioVersion = 15.0.28307.438
MinimumVisualStudioVersion = 10.0.40219.1
Project("{FAE04EC0-301F-11D3-BF4B-00C04F79EFBC}") = "SportsStore.WebUI", "SportsStore.WebUI\SportsStore.WebUI.csproj", "{69179058-F0FD-4487-A1FF-E04D9D159F15}"
EndProject
Project("{FAE04EC0-301F-11D3-BF4B-00C04F79EFBC}") = "SportsStore.Domain", "SportsStore.Domain\SportsStore.Domain.csproj", "{BFD85F13-7070-43FA-9ABF-37A9F32A40D8}"
EndProject
Project("{FAE04EC0-301F-11D3-BF4B-00C04F79EFBC}") = "SportsStore.UnitTests", "SportsStore.UnitTests\SportsStore.UnitTests.csproj", "{403D7F11-83FB-404C-ADD4-8C88001B3FD4}"
EndProject
Global
	GlobalSection(SolutionConfigurationPlatforms) = preSolution
		Debug|Any CPU = Debug|Any CPU
		Release|Any CPU = Release|Any CPU
	EndGlobalSection
	GlobalSection(ProjectConfigurationPlatforms) = postSolution
		{69179058-F0FD-4487-A1FF-E04D9D159F15}.Debug|Any CPU.ActiveCfg = Debug|Any CPU
		{69179058-F0FD-4487-A1FF-E04D9D159F15}.Debug|Any CPU.Build.0 = Debug|Any CPU
		{69179058-F0FD-4487-A1FF-E04D9D159F15}.Release|Any CPU.ActiveCfg = Release|Any CPU
		{69179058-F0FD-4487-A1FF-E04D9D159F15}.Release|Any CPU.Build.0 = Release|Any CPU
		{BFD85F13-7070-43FA-9ABF-37A9F32A40D8}.Debug|Any CPU.ActiveCfg = Debug|Any CPU
		{BFD85F13-7070-43FA-9ABF-37A9F32A40D8}.Debug|Any CPU.Build.0 = Debug|Any CPU
		{BFD85F13-7070-43FA-9ABF-37A9F32A40D8}.Release|Any CPU.ActiveCfg = Release|Any CPU
		{BFD85F13-7070-43FA-9ABF-37A9F32A40D8}.Release|Any CPU.Build.0 = Release|Any CPU
		{403D7F11-83FB-404C-ADD4-8C88001B3FD4}.Debug|Any CPU.ActiveCfg = Debug|Any CPU
		{403D7F11-83FB-404C-ADD4-8C88001B3FD4}.Debug|Any CPU.Build.0 = Debug|Any CPU
		{403D7F11-83FB-404C-ADD4-8C88001B3FD4}.Release|Any CPU.ActiveCfg = Release|Any CPU
		{403D7F11-83FB-404C-ADD4-8C88001B3FD4}.Release|Any CPU.Build.0 = Release|Any CPU
	EndGlobalSection
	GlobalSection(SolutionProperties) = preSolution
		HideSolutionNode = FALSE
	EndGlobalSection
	GlobalSection(ExtensibilityGlobals) = postSolution
		SolutionGuid = {DE887C6B-3489-4143-B68C-BFF1BD29F28C}
	EndGlobalSection
EndGlobal
